
Microsoft Visual Studio Solution File, Format Version 12.00
# Visual Studio Version 17
VisualStudioVersion = 17.11.35327.3
MinimumVisualStudioVersion = 10.0.40219.1
Project("{FAE04EC0-301F-11D3-BF4B-00C04F79EFBC}") = "Task02", "Task02\Task02.csproj", "{8895FC7D-E754-4A87-A80D-5845DFBBAE15}"
EndProject
Global
	GlobalSection(SolutionConfigurationPlatforms) = preSolution
		Debug|Any CPU = Debug|Any CPU
		Release|Any CPU = Release|Any CPU
	EndGlobalSection
	GlobalSection(ProjectConfigurationPlatforms) = postSolution
		{8895FC7D-E754-4A87-A80D-5845DFBBAE15}.Debug|Any CPU.ActiveCfg = Debug|Any CPU
		{8895FC7D-E754-4A87-A80D-5845DFBBAE15}.Debug|Any CPU.Build.0 = Debug|Any CPU
		{8895FC7D-E754-4A87-A80D-5845DFBBAE15}.Release|Any CPU.ActiveCfg = Release|Any CPU
		{8895FC7D-E754-4A87-A80D-5845DFBBAE15}.Release|Any CPU.Build.0 = Release|Any CPU
	EndGlobalSection
	GlobalSection(SolutionProperties) = preSolution
		HideSolutionNode = FALSE
	EndGlobalSection
	GlobalSection(ExtensibilityGlobals) = postSolution
		SolutionGuid = {62C9A414-7F18-4175-9433-A73EDCAB5FFF}
	EndGlobalSection
EndGlobal
